
Microsoft Visual Studio Solution File, Format Version 12.00
# Visual Studio Version 17
VisualStudioVersion = 17.8.34330.188
MinimumVisualStudioVersion = 10.0.40219.1
Project("{9A19103F-16F7-4668-BE54-9A1E7A4F7556}") = "CityInfo_8_0_Server", "CityInfo_8_0_Server\CityInfo_8_0_Server.csproj", "{68B4868E-B81F-4E72-A29B-4DC6D8652ED6}"
EndProject
Project("{9A19103F-16F7-4668-BE54-9A1E7A4F7556}") = "Contracts", "Contracts\Contracts.csproj", "{9541C976-CC4C-4823-A6C1-CF1FC8519E6C}"
EndProject
Project("{9A19103F-16F7-4668-BE54-9A1E7A4F7556}") = "LoggerService", "LoggerService\LoggerService.csproj", "{20203678-8E6D-4267-BA7D-21E9B1B86687}"
EndProject
Project("{9A19103F-16F7-4668-BE54-9A1E7A4F7556}") = "Entities", "Entities\Entities.csproj", "{D55AB236-636A-42AA-9707-A94E57C29214}"
EndProject
Project("{9A19103F-16F7-4668-BE54-9A1E7A4F7556}") = "Repository", "Repository\Repository.csproj", "{3F545F71-90FD-4BD7-BDDD-F467E7E0A737}"
EndProject
Project("{9A19103F-16F7-4668-BE54-9A1E7A4F7556}") = "CityInfo_8_0_Server_UnitTests", "CityInfo_8_0_Server_UnitTests\CityInfo_8_0_Server_UnitTests.csproj", "{E09D59B9-DD58-42F1-9A2B-F07665E15ECA}"
EndProject
Project("{9A19103F-16F7-4668-BE54-9A1E7A4F7556}") = "Services", "Services\Services.csproj", "{5CDBFE6F-BD31-43DE-8A42-EEED9DC2689F}"
EndProject
Project("{9A19103F-16F7-4668-BE54-9A1E7A4F7556}") = "ServicesContracts", "ServicesContracts\ServicesContracts.csproj", "{4A0718C5-70A6-4494-BFB7-7C8ECF927E1A}"
EndProject
Project("{9A19103F-16F7-4668-BE54-9A1E7A4F7556}") = "CityInfo_8_0_Server_IntegrationTests", "CityInfo_8_0_Server_IntegrationTests\CityInfo_8_0_Server_IntegrationTests.csproj", "{68388271-2DDA-4780-B486-256CE8816F31}"
EndProject
Project("{2150E333-8FDC-42A3-9474-1A3956D46DE8}") = "Solution Items", "Solution Items", "{50E0C820-8B58-49A4-99EC-E0CE8FDAD402}"
	ProjectSection(SolutionItems) = preProject
		.editorconfig = .editorconfig
	EndProjectSection
EndProject
Project("{FAE04EC0-301F-11D3-BF4B-00C04F79EFBC}") = "CityInfo_8_0_TestSetup", "CityInfo_8_0_TestSetup\CityInfo_8_0_TestSetup.csproj", "{30B2EDB0-7334-482A-B3E4-4777A30FCAA5}"
EndProject
Global
	GlobalSection(SolutionConfigurationPlatforms) = preSolution
		Debug|Any CPU = Debug|Any CPU
		Release|Any CPU = Release|Any CPU
	EndGlobalSection
	GlobalSection(ProjectConfigurationPlatforms) = postSolution
		{68B4868E-B81F-4E72-A29B-4DC6D8652ED6}.Debug|Any CPU.ActiveCfg = Debug|Any CPU
		{68B4868E-B81F-4E72-A29B-4DC6D8652ED6}.Debug|Any CPU.Build.0 = Debug|Any CPU
		{68B4868E-B81F-4E72-A29B-4DC6D8652ED6}.Release|Any CPU.ActiveCfg = Release|Any CPU
		{68B4868E-B81F-4E72-A29B-4DC6D8652ED6}.Release|Any CPU.Build.0 = Release|Any CPU
		{9541C976-CC4C-4823-A6C1-CF1FC8519E6C}.Debug|Any CPU.ActiveCfg = Debug|Any CPU
		{9541C976-CC4C-4823-A6C1-CF1FC8519E6C}.Debug|Any CPU.Build.0 = Debug|Any CPU
		{9541C976-CC4C-4823-A6C1-CF1FC8519E6C}.Release|Any CPU.ActiveCfg = Release|Any CPU
		{9541C976-CC4C-4823-A6C1-CF1FC8519E6C}.Release|Any CPU.Build.0 = Release|Any CPU
		{20203678-8E6D-4267-BA7D-21E9B1B86687}.Debug|Any CPU.ActiveCfg = Debug|Any CPU
		{20203678-8E6D-4267-BA7D-21E9B1B86687}.Debug|Any CPU.Build.0 = Debug|Any CPU
		{20203678-8E6D-4267-BA7D-21E9B1B86687}.Release|Any CPU.ActiveCfg = Release|Any CPU
		{20203678-8E6D-4267-BA7D-21E9B1B86687}.Release|Any CPU.Build.0 = Release|Any CPU
		{D55AB236-636A-42AA-9707-A94E57C29214}.Debug|Any CPU.ActiveCfg = Debug|Any CPU
		{D55AB236-636A-42AA-9707-A94E57C29214}.Debug|Any CPU.Build.0 = Debug|Any CPU
		{D55AB236-636A-42AA-9707-A94E57C29214}.Release|Any CPU.ActiveCfg = Release|Any CPU
		{D55AB236-636A-42AA-9707-A94E57C29214}.Release|Any CPU.Build.0 = Release|Any CPU
		{3F545F71-90FD-4BD7-BDDD-F467E7E0A737}.Debug|Any CPU.ActiveCfg = Debug|Any CPU
		{3F545F71-90FD-4BD7-BDDD-F467E7E0A737}.Debug|Any CPU.Build.0 = Debug|Any CPU
		{3F545F71-90FD-4BD7-BDDD-F467E7E0A737}.Release|Any CPU.ActiveCfg = Release|Any CPU
		{3F545F71-90FD-4BD7-BDDD-F467E7E0A737}.Release|Any CPU.Build.0 = Release|Any CPU
		{E09D59B9-DD58-42F1-9A2B-F07665E15ECA}.Debug|Any CPU.ActiveCfg = Debug|Any CPU
		{E09D59B9-DD58-42F1-9A2B-F07665E15ECA}.Debug|Any CPU.Build.0 = Debug|Any CPU
		{E09D59B9-DD58-42F1-9A2B-F07665E15ECA}.Release|Any CPU.ActiveCfg = Release|Any CPU
		{E09D59B9-DD58-42F1-9A2B-F07665E15ECA}.Release|Any CPU.Build.0 = Release|Any CPU
		{5CDBFE6F-BD31-43DE-8A42-EEED9DC2689F}.Debug|Any CPU.ActiveCfg = Debug|Any CPU
		{5CDBFE6F-BD31-43DE-8A42-EEED9DC2689F}.Debug|Any CPU.Build.0 = Debug|Any CPU
		{5CDBFE6F-BD31-43DE-8A42-EEED9DC2689F}.Release|Any CPU.ActiveCfg = Release|Any CPU
		{5CDBFE6F-BD31-43DE-8A42-EEED9DC2689F}.Release|Any CPU.Build.0 = Release|Any CPU
		{4A0718C5-70A6-4494-BFB7-7C8ECF927E1A}.Debug|Any CPU.ActiveCfg = Debug|Any CPU
		{4A0718C5-70A6-4494-BFB7-7C8ECF927E1A}.Debug|Any CPU.Build.0 = Debug|Any CPU
		{4A0718C5-70A6-4494-BFB7-7C8ECF927E1A}.Release|Any CPU.ActiveCfg = Release|Any CPU
		{4A0718C5-70A6-4494-BFB7-7C8ECF927E1A}.Release|Any CPU.Build.0 = Release|Any CPU
		{68388271-2DDA-4780-B486-256CE8816F31}.Debug|Any CPU.ActiveCfg = Debug|Any CPU
		{68388271-2DDA-4780-B486-256CE8816F31}.Debug|Any CPU.Build.0 = Debug|Any CPU
		{68388271-2DDA-4780-B486-256CE8816F31}.Release|Any CPU.ActiveCfg = Release|Any CPU
		{68388271-2DDA-4780-B486-256CE8816F31}.Release|Any CPU.Build.0 = Release|Any CPU
		{30B2EDB0-7334-482A-B3E4-4777A30FCAA5}.Debug|Any CPU.ActiveCfg = Debug|Any CPU
		{30B2EDB0-7334-482A-B3E4-4777A30FCAA5}.Debug|Any CPU.Build.0 = Debug|Any CPU
		{30B2EDB0-7334-482A-B3E4-4777A30FCAA5}.Release|Any CPU.ActiveCfg = Release|Any CPU
		{30B2EDB0-7334-482A-B3E4-4777A30FCAA5}.Release|Any CPU.Build.0 = Release|Any CPU
	EndGlobalSection
	GlobalSection(SolutionProperties) = preSolution
		HideSolutionNode = FALSE
	EndGlobalSection
	GlobalSection(ExtensibilityGlobals) = postSolution
		SolutionGuid = {2994BD82-856D-4300-BBB4-5FA577E402FE}
	EndGlobalSection
EndGlobal
